SITE
  remote: http://community.opscode.com/api/v1
  specs:
    apt (1.9.0)
    build-essential (1.3.4)
    openssl (1.0.0)

GIT
  remote: git://github.com/9minutesnooze/mysql.git
  ref: fix_percona_repo
  sha: 77375beb6b759a200733b70b8448f5da593ca5dc
  specs:
    mysql (2.1.3)
      build-essential (>= 0.0.0)
      openssl (>= 0.0.0)

DEPENDENCIES
  apt (>= 0)
  mysql (>= 0)

